Microsoft Visual Studio Solution File, Format Version 12.00
# Visual Studio Version 17
VisualStudioVersion = 17.5.2.0
MinimumVisualStudioVersion = 10.0.40219.1
Project("{FAE04EC0-301F-11D3-BF4B-00C04F79EFBC}") = "Assignment3", "Assignment3\Assignment3.csproj", "{A1B2C3D4-E5F6-7890-ABCD-123456789012}"
EndProject
Project("{FAE04EC0-301F-11D3-BF4B-00C04F79EFBC}") = "Assignment3-Tests", "Assignment3-Tests\Assignment3-Tests.csproj", "{B2C3D4E5-F6G7-8901-BCDE-234567890123}"
EndProject
Project("{FAE04EC0-301F-11D3-BF4B-00C04F79EFBC}") = "Assignment4", "Assignment4\Assignment4.csproj", "{626E54AD-1676-6BD5-C3B4-D881C7A3895D}"
EndProject
Project("{FAE04EC0-301F-11D3-BF4B-00C04F79EFBC}") = "Assignment4Tests", "Assignment4Tests\Assignment4Tests.csproj", "{4E09ECBF-4260-8CDD-B3DC-7E92C0A7CB16}"
EndProject
Project("{FAE04EC0-301F-11D3-BF4B-00C04F79EFBC}") = "WebApplication", "WebApplication\WebApplication.csproj", "{FA3884B1-4C90-4ABA-B113-23003FB9DA1C}"
EndProject
Project("{FAE04EC0-301F-11D3-BF4B-00C04F79EFBC}") = "WebApplicationTests", "WebApplicationTests\WebApplicationTests.csproj", "{435CBD32-92A9-4020-AACB-7C6E47B731FA}"
EndProject
Project("{FAE04EC0-301F-11D3-BF4B-00C04F79EFBC}") = "Security", "Security\Security.csproj", "{100A2BEF-FD2D-4EDA-837B-456539AA18DB}"
EndProject
Project("{FAE04EC0-301F-11D3-BF4B-00C04F79EFBC}") = "Assignment5-1", "Assignment5-1\Assignment5-1.csproj", "{61589968-2CBB-4F8B-AD9D-C7ADC8786D1A}"
EndProject
Project("{FAE04EC0-301F-11D3-BF4B-00C04F79EFBC}") = "Assignment5-2", "Assignment5-2\Assignment5-2.csproj", "{D3083851-A714-446D-AA57-38E21E918596}"
EndProject
Global
	GlobalSection(SolutionConfigurationPlatforms) = preSolution
		Debug|Any CPU = Debug|Any CPU
		Release|Any CPU = Release|Any CPU
	EndGlobalSection
	GlobalSection(ProjectConfigurationPlatforms) = postSolution
		{A1B2C3D4-E5F6-7890-ABCD-123456789012}.Debug|Any CPU.ActiveCfg = Debug|Any CPU
		{A1B2C3D4-E5F6-7890-ABCD-123456789012}.Debug|Any CPU.Build.0 = Debug|Any CPU
		{A1B2C3D4-E5F6-7890-ABCD-123456789012}.Release|Any CPU.ActiveCfg = Release|Any CPU
		{A1B2C3D4-E5F6-7890-ABCD-123456789012}.Release|Any CPU.Build.0 = Release|Any CPU
		{B2C3D4E5-F6G7-8901-BCDE-234567890123}.Debug|Any CPU.ActiveCfg = Debug|Any CPU
		{B2C3D4E5-F6G7-8901-BCDE-234567890123}.Debug|Any CPU.Build.0 = Debug|Any CPU
		{B2C3D4E5-F6G7-8901-BCDE-234567890123}.Release|Any CPU.ActiveCfg = Release|Any CPU
		{B2C3D4E5-F6G7-8901-BCDE-234567890123}.Release|Any CPU.Build.0 = Release|Any CPU
		{626E54AD-1676-6BD5-C3B4-D881C7A3895D}.Debug|Any CPU.ActiveCfg = Debug|Any CPU
		{626E54AD-1676-6BD5-C3B4-D881C7A3895D}.Debug|Any CPU.Build.0 = Debug|Any CPU
		{626E54AD-1676-6BD5-C3B4-D881C7A3895D}.Release|Any CPU.ActiveCfg = Release|Any CPU
		{626E54AD-1676-6BD5-C3B4-D881C7A3895D}.Release|Any CPU.Build.0 = Release|Any CPU
		{4E09ECBF-4260-8CDD-B3DC-7E92C0A7CB16}.Debug|Any CPU.ActiveCfg = Debug|Any CPU
		{4E09ECBF-4260-8CDD-B3DC-7E92C0A7CB16}.Debug|Any CPU.Build.0 = Debug|Any CPU
		{4E09ECBF-4260-8CDD-B3DC-7E92C0A7CB16}.Release|Any CPU.ActiveCfg = Release|Any CPU
		{4E09ECBF-4260-8CDD-B3DC-7E92C0A7CB16}.Release|Any CPU.Build.0 = Release|Any CPU
		{FA3884B1-4C90-4ABA-B113-23003FB9DA1C}.Debug|Any CPU.ActiveCfg = Debug|Any CPU
		{FA3884B1-4C90-4ABA-B113-23003FB9DA1C}.Debug|Any CPU.Build.0 = Debug|Any CPU
		{FA3884B1-4C90-4ABA-B113-23003FB9DA1C}.Release|Any CPU.ActiveCfg = Release|Any CPU
		{FA3884B1-4C90-4ABA-B113-23003FB9DA1C}.Release|Any CPU.Build.0 = Release|Any CPU
		{435CBD32-92A9-4020-AACB-7C6E47B731FA}.Debug|Any CPU.ActiveCfg = Debug|Any CPU
		{435CBD32-92A9-4020-AACB-7C6E47B731FA}.Debug|Any CPU.Build.0 = Debug|Any CPU
		{435CBD32-92A9-4020-AACB-7C6E47B731FA}.Release|Any CPU.ActiveCfg = Release|Any CPU
		{435CBD32-92A9-4020-AACB-7C6E47B731FA}.Release|Any CPU.Build.0 = Release|Any CPU
		{100A2BEF-FD2D-4EDA-837B-456539AA18DB}.Debug|Any CPU.ActiveCfg = Debug|Any CPU
		{100A2BEF-FD2D-4EDA-837B-456539AA18DB}.Debug|Any CPU.Build.0 = Debug|Any CPU
		{100A2BEF-FD2D-4EDA-837B-456539AA18DB}.Release|Any CPU.ActiveCfg = Release|Any CPU
		{100A2BEF-FD2D-4EDA-837B-456539AA18DB}.Release|Any CPU.Build.0 = Release|Any CPU
		{61589968-2CBB-4F8B-AD9D-C7ADC8786D1A}.Debug|Any CPU.ActiveCfg = Debug|Any CPU
		{61589968-2CBB-4F8B-AD9D-C7ADC8786D1A}.Debug|Any CPU.Build.0 = Debug|Any CPU
		{61589968-2CBB-4F8B-AD9D-C7ADC8786D1A}.Release|Any CPU.ActiveCfg = Release|Any CPU
		{61589968-2CBB-4F8B-AD9D-C7ADC8786D1A}.Release|Any CPU.Build.0 = Release|Any CPU
		{D3083851-A714-446D-AA57-38E21E918596}.Debug|Any CPU.ActiveCfg = Debug|Any CPU
		{D3083851-A714-446D-AA57-38E21E918596}.Debug|Any CPU.Build.0 = Debug|Any CPU
		{D3083851-A714-446D-AA57-38E21E918596}.Release|Any CPU.ActiveCfg = Release|Any CPU
		{D3083851-A714-446D-AA57-38E21E918596}.Release|Any CPU.Build.0 = Release|Any CPU
	EndGlobalSection
	GlobalSection(SolutionProperties) = preSolution
		HideSolutionNode = FALSE
	EndGlobalSection
	GlobalSection(ExtensibilityGlobals) = postSolution
		SolutionGuid = {AD89F22F-D9AF-4415-8016-9F925BE0430D}
	EndGlobalSection
EndGlobal
